Microsoft Visual Studio Solution File, Format Version 12.00
# Visual Studio Version 17
VisualStudioVersion = 17.5.2.0
MinimumVisualStudioVersion = 10.0.40219.1
Project("{FAE04EC0-301F-11D3-BF4B-00C04F79EFBC}") = "Pigmemento.Api", "Pigmemento.Api.csproj", "{67E9BA74-3DB7-B4DA-B863-407D76A25646}"
EndProject
Global
	GlobalSection(SolutionConfigurationPlatforms) = preSolution
		Debug|Any CPU = Debug|Any CPU
		Release|Any CPU = Release|Any CPU
	EndGlobalSection
	GlobalSection(ProjectConfigurationPlatforms) = postSolution
		{67E9BA74-3DB7-B4DA-B863-407D76A25646}.Debug|Any CPU.ActiveCfg = Debug|Any CPU
		{67E9BA74-3DB7-B4DA-B863-407D76A25646}.Debug|Any CPU.Build.0 = Debug|Any CPU
		{67E9BA74-3DB7-B4DA-B863-407D76A25646}.Release|Any CPU.ActiveCfg = Release|Any CPU
		{67E9BA74-3DB7-B4DA-B863-407D76A25646}.Release|Any CPU.Build.0 = Release|Any CPU
	EndGlobalSection
	GlobalSection(SolutionProperties) = preSolution
		HideSolutionNode = FALSE
	EndGlobalSection
	GlobalSection(ExtensibilityGlobals) = postSolution
		SolutionGuid = {52028DAC-58EA-4A40-AA2A-489AA3E071A2}
	EndGlobalSection
EndGlobal
